
Microsoft Visual Studio Solution File, Format Version 12.00
# Visual Studio Version 17
VisualStudioVersion = 17.14.36408.4
MinimumVisualStudioVersion = 10.0.40219.1
Project("{2150E333-8FDC-42A3-9474-1A3956D46DE8}") = "src", "src", "{02EA681E-C7D8-13C7-8484-4AC65E1B71E8}"
EndProject
Project("{FAE04EC0-301F-11D3-BF4B-00C04F79EFBC}") = "ApartmentManagement.Api", "src\ApartmentManagement.Api\ApartmentManagement.Api.csproj", "{8C9A9EC5-9E76-9886-81F6-5BD9EB7CDD81}"
EndProject
Project("{2150E333-8FDC-42A3-9474-1A3956D46DE8}") = "Modules", "Modules", "{79BD94B2-D37A-B054-E27D-3F8197A238B8}"
EndProject
Project("{2150E333-8FDC-42A3-9474-1A3956D46DE8}") = "Catalog", "Catalog", "{42B1478D-0C91-DE7F-471B-4F5F5E87E5D8}"
EndProject
Project("{FAE04EC0-301F-11D3-BF4B-00C04F79EFBC}") = "Catalog.Domain", "src\Modules\Catalog\Catalog.Domain\Catalog.Domain.csproj", "{C1BEC41B-C5D3-4B19-A60C-66174FF27DE8}"
EndProject
Project("{FAE04EC0-301F-11D3-BF4B-00C04F79EFBC}") = "Catalog.Application", "src\Modules\Catalog\Catalog.Application\Catalog.Application.csproj", "{52874F16-8446-4011-AFB5-7AA730DF429F}"
EndProject
Project("{FAE04EC0-301F-11D3-BF4B-00C04F79EFBC}") = "Catalog.Infrastructure", "src\Modules\Catalog\Catalog.Infrastructure\Catalog.Infrastructure.csproj", "{C6BC1D32-6294-4550-9ACC-43B58E66379F}"
EndProject
Project("{FAE04EC0-301F-11D3-BF4B-00C04F79EFBC}") = "Catalog.Api", "src\Modules\Catalog\Catalog.Api\Catalog.Api.csproj", "{0061DFF3-1AC3-4FCB-84B8-70B337E5A196}"
EndProject
Project("{FAE04EC0-301F-11D3-BF4B-00C04F79EFBC}") = "BuildingBlocks", "src\BuildingBlocks\BuildingBlocks.csproj", "{01DDAED4-17BF-4880-B9DA-AD8967E7D956}"
EndProject
Project("{2150E333-8FDC-42A3-9474-1A3956D46DE8}") = "People", "People", "{F3214695-8D1E-5C1E-429B-239768778F1F}"
EndProject
Project("{FAE04EC0-301F-11D3-BF4B-00C04F79EFBC}") = "People.Domain", "src\Modules\People\People.Domain\People.Domain.csproj", "{43457D7B-DC13-4C08-999B-D45BAB74E6AD}"
EndProject
Project("{FAE04EC0-301F-11D3-BF4B-00C04F79EFBC}") = "People.Application", "src\Modules\People\People.Application\People.Application.csproj", "{5FF2381F-8F15-4967-8DFB-3F5F56F13440}"
EndProject
Project("{FAE04EC0-301F-11D3-BF4B-00C04F79EFBC}") = "People.Infrastructure", "src\Modules\People\People.Infrastructure\People.Infrastructure.csproj", "{CDB61145-8EB1-4992-8B4A-BD8AF8799D1F}"
EndProject
Project("{FAE04EC0-301F-11D3-BF4B-00C04F79EFBC}") = "People.Api", "src\Modules\People\People.Api\People.Api.csproj", "{1E923F62-6C10-4EE8-882F-A1E2C3A28531}"
EndProject
Project("{2150E333-8FDC-42A3-9474-1A3956D46DE8}") = "Leasing", "Leasing", "{29ABBBBF-BAF9-AD22-3F60-D85BB9194D77}"
EndProject
Project("{FAE04EC0-301F-11D3-BF4B-00C04F79EFBC}") = "Leasing.Domain", "src\Modules\Leasing\Leasing.Domain\Leasing.Domain.csproj", "{A4996600-3C01-49FD-885B-3976E6117860}"
EndProject
Project("{FAE04EC0-301F-11D3-BF4B-00C04F79EFBC}") = "Leasing.Application", "src\Modules\Leasing\Leasing.Application\Leasing.Application.csproj", "{C0BB45B7-2F45-4102-AC06-62AAF88E171A}"
EndProject
Project("{FAE04EC0-301F-11D3-BF4B-00C04F79EFBC}") = "Leasing.Infrastructure", "src\Modules\Leasing\Leasing.Infrastructure\Leasing.Infrastructure.csproj", "{DFBF66F1-EA69-43FC-8DD2-867FCE1C35F0}"
EndProject
Project("{FAE04EC0-301F-11D3-BF4B-00C04F79EFBC}") = "Leasing.Api", "src\Modules\Leasing\Leasing.Api\Leasing.Api.csproj", "{6E038250-E8B6-4E8D-9493-62FB564E63F9}"
EndProject
Project("{2150E333-8FDC-42A3-9474-1A3956D46DE8}") = "Billing", "Billing", "{832E4B6B-4204-C2DB-1598-19A17C6DE89B}"
EndProject
Project("{FAE04EC0-301F-11D3-BF4B-00C04F79EFBC}") = "Billing.Domain", "src\Modules\Billing\Billing.Domain\Billing.Domain.csproj", "{291F97AB-0F15-45A4-BCDF-AE0295CE8573}"
EndProject
Project("{FAE04EC0-301F-11D3-BF4B-00C04F79EFBC}") = "Billing.Application", "src\Modules\Billing\Billing.Application\Billing.Application.csproj", "{2BC9543C-F77A-4197-AF60-EC34CADA500F}"
EndProject
Project("{FAE04EC0-301F-11D3-BF4B-00C04F79EFBC}") = "Billing.Infrastructure", "src\Modules\Billing\Billing.Infrastructure\Billing.Infrastructure.csproj", "{9134F440-B6F6-451F-B286-63DB95354E99}"
EndProject
Project("{FAE04EC0-301F-11D3-BF4B-00C04F79EFBC}") = "Billing.Api", "src\Modules\Billing\Billing.Api\Billing.Api.csproj", "{06FDF1C0-B407-46D0-BD9A-8B08F7A9B7BE}"
EndProject
Global
	GlobalSection(SolutionConfigurationPlatforms) = preSolution
		Debug|Any CPU = Debug|Any CPU
		Debug|x64 = Debug|x64
		Debug|x86 = Debug|x86
		Release|Any CPU = Release|Any CPU
		Release|x64 = Release|x64
		Release|x86 = Release|x86
	EndGlobalSection
	GlobalSection(ProjectConfigurationPlatforms) = postSolution
		{8C9A9EC5-9E76-9886-81F6-5BD9EB7CDD81}.Debug|Any CPU.ActiveCfg = Debug|Any CPU
		{8C9A9EC5-9E76-9886-81F6-5BD9EB7CDD81}.Debug|Any CPU.Build.0 = Debug|Any CPU
		{8C9A9EC5-9E76-9886-81F6-5BD9EB7CDD81}.Debug|x64.ActiveCfg = Debug|Any CPU
		{8C9A9EC5-9E76-9886-81F6-5BD9EB7CDD81}.Debug|x64.Build.0 = Debug|Any CPU
		{8C9A9EC5-9E76-9886-81F6-5BD9EB7CDD81}.Debug|x86.ActiveCfg = Debug|Any CPU
		{8C9A9EC5-9E76-9886-81F6-5BD9EB7CDD81}.Debug|x86.Build.0 = Debug|Any CPU
		{8C9A9EC5-9E76-9886-81F6-5BD9EB7CDD81}.Release|Any CPU.ActiveCfg = Release|Any CPU
		{8C9A9EC5-9E76-9886-81F6-5BD9EB7CDD81}.Release|Any CPU.Build.0 = Release|Any CPU
		{8C9A9EC5-9E76-9886-81F6-5BD9EB7CDD81}.Release|x64.ActiveCfg = Release|Any CPU
		{8C9A9EC5-9E76-9886-81F6-5BD9EB7CDD81}.Release|x64.Build.0 = Release|Any CPU
		{8C9A9EC5-9E76-9886-81F6-5BD9EB7CDD81}.Release|x86.ActiveCfg = Release|Any CPU
		{8C9A9EC5-9E76-9886-81F6-5BD9EB7CDD81}.Release|x86.Build.0 = Release|Any CPU
		{C1BEC41B-C5D3-4B19-A60C-66174FF27DE8}.Debug|Any CPU.ActiveCfg = Debug|Any CPU
		{C1BEC41B-C5D3-4B19-A60C-66174FF27DE8}.Debug|Any CPU.Build.0 = Debug|Any CPU
		{C1BEC41B-C5D3-4B19-A60C-66174FF27DE8}.Debug|x64.ActiveCfg = Debug|Any CPU
		{C1BEC41B-C5D3-4B19-A60C-66174FF27DE8}.Debug|x64.Build.0 = Debug|Any CPU
		{C1BEC41B-C5D3-4B19-A60C-66174FF27DE8}.Debug|x86.ActiveCfg = Debug|Any CPU
		{C1BEC41B-C5D3-4B19-A60C-66174FF27DE8}.Debug|x86.Build.0 = Debug|Any CPU
		{C1BEC41B-C5D3-4B19-A60C-66174FF27DE8}.Release|Any CPU.ActiveCfg = Release|Any CPU
		{C1BEC41B-C5D3-4B19-A60C-66174FF27DE8}.Release|Any CPU.Build.0 = Release|Any CPU
		{C1BEC41B-C5D3-4B19-A60C-66174FF27DE8}.Release|x64.ActiveCfg = Release|Any CPU
		{C1BEC41B-C5D3-4B19-A60C-66174FF27DE8}.Release|x64.Build.0 = Release|Any CPU
		{C1BEC41B-C5D3-4B19-A60C-66174FF27DE8}.Release|x86.ActiveCfg = Release|Any CPU
		{C1BEC41B-C5D3-4B19-A60C-66174FF27DE8}.Release|x86.Build.0 = Release|Any CPU
		{52874F16-8446-4011-AFB5-7AA730DF429F}.Debug|Any CPU.ActiveCfg = Debug|Any CPU
		{52874F16-8446-4011-AFB5-7AA730DF429F}.Debug|Any CPU.Build.0 = Debug|Any CPU
		{52874F16-8446-4011-AFB5-7AA730DF429F}.Debug|x64.ActiveCfg = Debug|Any CPU
		{52874F16-8446-4011-AFB5-7AA730DF429F}.Debug|x64.Build.0 = Debug|Any CPU
		{52874F16-8446-4011-AFB5-7AA730DF429F}.Debug|x86.ActiveCfg = Debug|Any CPU
		{52874F16-8446-4011-AFB5-7AA730DF429F}.Debug|x86.Build.0 = Debug|Any CPU
		{52874F16-8446-4011-AFB5-7AA730DF429F}.Release|Any CPU.ActiveCfg = Release|Any CPU
		{52874F16-8446-4011-AFB5-7AA730DF429F}.Release|Any CPU.Build.0 = Release|Any CPU
		{52874F16-8446-4011-AFB5-7AA730DF429F}.Release|x64.ActiveCfg = Release|Any CPU
		{52874F16-8446-4011-AFB5-7AA730DF429F}.Release|x64.Build.0 = Release|Any CPU
		{52874F16-8446-4011-AFB5-7AA730DF429F}.Release|x86.ActiveCfg = Release|Any CPU
		{52874F16-8446-4011-AFB5-7AA730DF429F}.Release|x86.Build.0 = Release|Any CPU
		{C6BC1D32-6294-4550-9ACC-43B58E66379F}.Debug|Any CPU.ActiveCfg = Debug|Any CPU
		{C6BC1D32-6294-4550-9ACC-43B58E66379F}.Debug|Any CPU.Build.0 = Debug|Any CPU
		{C6BC1D32-6294-4550-9ACC-43B58E66379F}.Debug|x64.ActiveCfg = Debug|Any CPU
		{C6BC1D32-6294-4550-9ACC-43B58E66379F}.Debug|x64.Build.0 = Debug|Any CPU
		{C6BC1D32-6294-4550-9ACC-43B58E66379F}.Debug|x86.ActiveCfg = Debug|Any CPU
		{C6BC1D32-6294-4550-9ACC-43B58E66379F}.Debug|x86.Build.0 = Debug|Any CPU
		{C6BC1D32-6294-4550-9ACC-43B58E66379F}.Release|Any CPU.ActiveCfg = Release|Any CPU
		{C6BC1D32-6294-4550-9ACC-43B58E66379F}.Release|Any CPU.Build.0 = Release|Any CPU
		{C6BC1D32-6294-4550-9ACC-43B58E66379F}.Release|x64.ActiveCfg = Release|Any CPU
		{C6BC1D32-6294-4550-9ACC-43B58E66379F}.Release|x64.Build.0 = Release|Any CPU
		{C6BC1D32-6294-4550-9ACC-43B58E66379F}.Release|x86.ActiveCfg = Release|Any CPU
		{C6BC1D32-6294-4550-9ACC-43B58E66379F}.Release|x86.Build.0 = Release|Any CPU
		{0061DFF3-1AC3-4FCB-84B8-70B337E5A196}.Debug|Any CPU.ActiveCfg = Debug|Any CPU
		{0061DFF3-1AC3-4FCB-84B8-70B337E5A196}.Debug|Any CPU.Build.0 = Debug|Any CPU
		{0061DFF3-1AC3-4FCB-84B8-70B337E5A196}.Debug|x64.ActiveCfg = Debug|Any CPU
		{0061DFF3-1AC3-4FCB-84B8-70B337E5A196}.Debug|x64.Build.0 = Debug|Any CPU
		{0061DFF3-1AC3-4FCB-84B8-70B337E5A196}.Debug|x86.ActiveCfg = Debug|Any CPU
		{0061DFF3-1AC3-4FCB-84B8-70B337E5A196}.Debug|x86.Build.0 = Debug|Any CPU
		{0061DFF3-1AC3-4FCB-84B8-70B337E5A196}.Release|Any CPU.ActiveCfg = Release|Any CPU
		{0061DFF3-1AC3-4FCB-84B8-70B337E5A196}.Release|Any CPU.Build.0 = Release|Any CPU
		{0061DFF3-1AC3-4FCB-84B8-70B337E5A196}.Release|x64.ActiveCfg = Release|Any CPU
		{0061DFF3-1AC3-4FCB-84B8-70B337E5A196}.Release|x64.Build.0 = Release|Any CPU
		{0061DFF3-1AC3-4FCB-84B8-70B337E5A196}.Release|x86.ActiveCfg = Release|Any CPU
		{0061DFF3-1AC3-4FCB-84B8-70B337E5A196}.Release|x86.Build.0 = Release|Any CPU
		{01DDAED4-17BF-4880-B9DA-AD8967E7D956}.Debug|Any CPU.ActiveCfg = Debug|Any CPU
		{01DDAED4-17BF-4880-B9DA-AD8967E7D956}.Debug|Any CPU.Build.0 = Debug|Any CPU
		{01DDAED4-17BF-4880-B9DA-AD8967E7D956}.Debug|x64.ActiveCfg = Debug|Any CPU
		{01DDAED4-17BF-4880-B9DA-AD8967E7D956}.Debug|x64.Build.0 = Debug|Any CPU
		{01DDAED4-17BF-4880-B9DA-AD8967E7D956}.Debug|x86.ActiveCfg = Debug|Any CPU
		{01DDAED4-17BF-4880-B9DA-AD8967E7D956}.Debug|x86.Build.0 = Debug|Any CPU
		{01DDAED4-17BF-4880-B9DA-AD8967E7D956}.Release|Any CPU.ActiveCfg = Release|Any CPU
		{01DDAED4-17BF-4880-B9DA-AD8967E7D956}.Release|Any CPU.Build.0 = Release|Any CPU
		{01DDAED4-17BF-4880-B9DA-AD8967E7D956}.Release|x64.ActiveCfg = Release|Any CPU
		{01DDAED4-17BF-4880-B9DA-AD8967E7D956}.Release|x64.Build.0 = Release|Any CPU
		{01DDAED4-17BF-4880-B9DA-AD8967E7D956}.Release|x86.ActiveCfg = Release|Any CPU
		{01DDAED4-17BF-4880-B9DA-AD8967E7D956}.Release|x86.Build.0 = Release|Any CPU
		{43457D7B-DC13-4C08-999B-D45BAB74E6AD}.Debug|Any CPU.ActiveCfg = Debug|Any CPU
		{43457D7B-DC13-4C08-999B-D45BAB74E6AD}.Debug|Any CPU.Build.0 = Debug|Any CPU
		{43457D7B-DC13-4C08-999B-D45BAB74E6AD}.Debug|x64.ActiveCfg = Debug|Any CPU
		{43457D7B-DC13-4C08-999B-D45BAB74E6AD}.Debug|x64.Build.0 = Debug|Any CPU
		{43457D7B-DC13-4C08-999B-D45BAB74E6AD}.Debug|x86.ActiveCfg = Debug|Any CPU
		{43457D7B-DC13-4C08-999B-D45BAB74E6AD}.Debug|x86.Build.0 = Debug|Any CPU
		{43457D7B-DC13-4C08-999B-D45BAB74E6AD}.Release|Any CPU.ActiveCfg = Release|Any CPU
		{43457D7B-DC13-4C08-999B-D45BAB74E6AD}.Release|Any CPU.Build.0 = Release|Any CPU
		{43457D7B-DC13-4C08-999B-D45BAB74E6AD}.Release|x64.ActiveCfg = Release|Any CPU
		{43457D7B-DC13-4C08-999B-D45BAB74E6AD}.Release|x64.Build.0 = Release|Any CPU
		{43457D7B-DC13-4C08-999B-D45BAB74E6AD}.Release|x86.ActiveCfg = Release|Any CPU
		{43457D7B-DC13-4C08-999B-D45BAB74E6AD}.Release|x86.Build.0 = Release|Any CPU
		{5FF2381F-8F15-4967-8DFB-3F5F56F13440}.Debug|Any CPU.ActiveCfg = Debug|Any CPU
		{5FF2381F-8F15-4967-8DFB-3F5F56F13440}.Debug|Any CPU.Build.0 = Debug|Any CPU
		{5FF2381F-8F15-4967-8DFB-3F5F56F13440}.Debug|x64.ActiveCfg = Debug|Any CPU
		{5FF2381F-8F15-4967-8DFB-3F5F56F13440}.Debug|x64.Build.0 = Debug|Any CPU
		{5FF2381F-8F15-4967-8DFB-3F5F56F13440}.Debug|x86.ActiveCfg = Debug|Any CPU
		{5FF2381F-8F15-4967-8DFB-3F5F56F13440}.Debug|x86.Build.0 = Debug|Any CPU
		{5FF2381F-8F15-4967-8DFB-3F5F56F13440}.Release|Any CPU.ActiveCfg = Release|Any CPU
		{5FF2381F-8F15-4967-8DFB-3F5F56F13440}.Release|Any CPU.Build.0 = Release|Any CPU
		{5FF2381F-8F15-4967-8DFB-3F5F56F13440}.Release|x64.ActiveCfg = Release|Any CPU
		{5FF2381F-8F15-4967-8DFB-3F5F56F13440}.Release|x64.Build.0 = Release|Any CPU
		{5FF2381F-8F15-4967-8DFB-3F5F56F13440}.Release|x86.ActiveCfg = Release|Any CPU
		{5FF2381F-8F15-4967-8DFB-3F5F56F13440}.Release|x86.Build.0 = Release|Any CPU
		{CDB61145-8EB1-4992-8B4A-BD8AF8799D1F}.Debug|Any CPU.ActiveCfg = Debug|Any CPU
		{CDB61145-8EB1-4992-8B4A-BD8AF8799D1F}.Debug|Any CPU.Build.0 = Debug|Any CPU
		{CDB61145-8EB1-4992-8B4A-BD8AF8799D1F}.Debug|x64.ActiveCfg = Debug|Any CPU
		{CDB61145-8EB1-4992-8B4A-BD8AF8799D1F}.Debug|x64.Build.0 = Debug|Any CPU
		{CDB61145-8EB1-4992-8B4A-BD8AF8799D1F}.Debug|x86.ActiveCfg = Debug|Any CPU
		{CDB61145-8EB1-4992-8B4A-BD8AF8799D1F}.Debug|x86.Build.0 = Debug|Any CPU
		{CDB61145-8EB1-4992-8B4A-BD8AF8799D1F}.Release|Any CPU.ActiveCfg = Release|Any CPU
		{CDB61145-8EB1-4992-8B4A-BD8AF8799D1F}.Release|Any CPU.Build.0 = Release|Any CPU
		{CDB61145-8EB1-4992-8B4A-BD8AF8799D1F}.Release|x64.ActiveCfg = Release|Any CPU
		{CDB61145-8EB1-4992-8B4A-BD8AF8799D1F}.Release|x64.Build.0 = Release|Any CPU
		{CDB61145-8EB1-4992-8B4A-BD8AF8799D1F}.Release|x86.ActiveCfg = Release|Any CPU
		{CDB61145-8EB1-4992-8B4A-BD8AF8799D1F}.Release|x86.Build.0 = Release|Any CPU
		{1E923F62-6C10-4EE8-882F-A1E2C3A28531}.Debug|Any CPU.ActiveCfg = Debug|Any CPU
		{1E923F62-6C10-4EE8-882F-A1E2C3A28531}.Debug|Any CPU.Build.0 = Debug|Any CPU
		{1E923F62-6C10-4EE8-882F-A1E2C3A28531}.Debug|x64.ActiveCfg = Debug|Any CPU
		{1E923F62-6C10-4EE8-882F-A1E2C3A28531}.Debug|x64.Build.0 = Debug|Any CPU
		{1E923F62-6C10-4EE8-882F-A1E2C3A28531}.Debug|x86.ActiveCfg = Debug|Any CPU
		{1E923F62-6C10-4EE8-882F-A1E2C3A28531}.Debug|x86.Build.0 = Debug|Any CPU
		{1E923F62-6C10-4EE8-882F-A1E2C3A28531}.Release|Any CPU.ActiveCfg = Release|Any CPU
		{1E923F62-6C10-4EE8-882F-A1E2C3A28531}.Release|Any CPU.Build.0 = Release|Any CPU
		{1E923F62-6C10-4EE8-882F-A1E2C3A28531}.Release|x64.ActiveCfg = Release|Any CPU
		{1E923F62-6C10-4EE8-882F-A1E2C3A28531}.Release|x64.Build.0 = Release|Any CPU
		{1E923F62-6C10-4EE8-882F-A1E2C3A28531}.Release|x86.ActiveCfg = Release|Any CPU
		{1E923F62-6C10-4EE8-882F-A1E2C3A28531}.Release|x86.Build.0 = Release|Any CPU
		{A4996600-3C01-49FD-885B-3976E6117860}.Debug|Any CPU.ActiveCfg = Debug|Any CPU
		{A4996600-3C01-49FD-885B-3976E6117860}.Debug|Any CPU.Build.0 = Debug|Any CPU
		{A4996600-3C01-49FD-885B-3976E6117860}.Debug|x64.ActiveCfg = Debug|Any CPU
		{A4996600-3C01-49FD-885B-3976E6117860}.Debug|x64.Build.0 = Debug|Any CPU
		{A4996600-3C01-49FD-885B-3976E6117860}.Debug|x86.ActiveCfg = Debug|Any CPU
		{A4996600-3C01-49FD-885B-3976E6117860}.Debug|x86.Build.0 = Debug|Any CPU
		{A4996600-3C01-49FD-885B-3976E6117860}.Release|Any CPU.ActiveCfg = Release|Any CPU
		{A4996600-3C01-49FD-885B-3976E6117860}.Release|Any CPU.Build.0 = Release|Any CPU
		{A4996600-3C01-49FD-885B-3976E6117860}.Release|x64.ActiveCfg = Release|Any CPU
		{A4996600-3C01-49FD-885B-3976E6117860}.Release|x64.Build.0 = Release|Any CPU
		{A4996600-3C01-49FD-885B-3976E6117860}.Release|x86.ActiveCfg = Release|Any CPU
		{A4996600-3C01-49FD-885B-3976E6117860}.Release|x86.Build.0 = Release|Any CPU
		{C0BB45B7-2F45-4102-AC06-62AAF88E171A}.Debug|Any CPU.ActiveCfg = Debug|Any CPU
		{C0BB45B7-2F45-4102-AC06-62AAF88E171A}.Debug|Any CPU.Build.0 = Debug|Any CPU
		{C0BB45B7-2F45-4102-AC06-62AAF88E171A}.Debug|x64.ActiveCfg = Debug|Any CPU
		{C0BB45B7-2F45-4102-AC06-62AAF88E171A}.Debug|x64.Build.0 = Debug|Any CPU
		{C0BB45B7-2F45-4102-AC06-62AAF88E171A}.Debug|x86.ActiveCfg = Debug|Any CPU
		{C0BB45B7-2F45-4102-AC06-62AAF88E171A}.Debug|x86.Build.0 = Debug|Any CPU
		{C0BB45B7-2F45-4102-AC06-62AAF88E171A}.Release|Any CPU.ActiveCfg = Release|Any CPU
		{C0BB45B7-2F45-4102-AC06-62AAF88E171A}.Release|Any CPU.Build.0 = Release|Any CPU
		{C0BB45B7-2F45-4102-AC06-62AAF88E171A}.Release|x64.ActiveCfg = Release|Any CPU
		{C0BB45B7-2F45-4102-AC06-62AAF88E171A}.Release|x64.Build.0 = Release|Any CPU
		{C0BB45B7-2F45-4102-AC06-62AAF88E171A}.Release|x86.ActiveCfg = Release|Any CPU
		{C0BB45B7-2F45-4102-AC06-62AAF88E171A}.Release|x86.Build.0 = Release|Any CPU
		{DFBF66F1-EA69-43FC-8DD2-867FCE1C35F0}.Debug|Any CPU.ActiveCfg = Debug|Any CPU
		{DFBF66F1-EA69-43FC-8DD2-867FCE1C35F0}.Debug|Any CPU.Build.0 = Debug|Any CPU
		{DFBF66F1-EA69-43FC-8DD2-867FCE1C35F0}.Debug|x64.ActiveCfg = Debug|Any CPU
		{DFBF66F1-EA69-43FC-8DD2-867FCE1C35F0}.Debug|x64.Build.0 = Debug|Any CPU
		{DFBF66F1-EA69-43FC-8DD2-867FCE1C35F0}.Debug|x86.ActiveCfg = Debug|Any CPU
		{DFBF66F1-EA69-43FC-8DD2-867FCE1C35F0}.Debug|x86.Build.0 = Debug|Any CPU
		{DFBF66F1-EA69-43FC-8DD2-867FCE1C35F0}.Release|Any CPU.ActiveCfg = Release|Any CPU
		{DFBF66F1-EA69-43FC-8DD2-867FCE1C35F0}.Release|Any CPU.Build.0 = Release|Any CPU
		{DFBF66F1-EA69-43FC-8DD2-867FCE1C35F0}.Release|x64.ActiveCfg = Release|Any CPU
		{DFBF66F1-EA69-43FC-8DD2-867FCE1C35F0}.Release|x64.Build.0 = Release|Any CPU
		{DFBF66F1-EA69-43FC-8DD2-867FCE1C35F0}.Release|x86.ActiveCfg = Release|Any CPU
		{DFBF66F1-EA69-43FC-8DD2-867FCE1C35F0}.Release|x86.Build.0 = Release|Any CPU
		{6E038250-E8B6-4E8D-9493-62FB564E63F9}.Debug|Any CPU.ActiveCfg = Debug|Any CPU
		{6E038250-E8B6-4E8D-9493-62FB564E63F9}.Debug|Any CPU.Build.0 = Debug|Any CPU
		{6E038250-E8B6-4E8D-9493-62FB564E63F9}.Debug|x64.ActiveCfg = Debug|Any CPU
		{6E038250-E8B6-4E8D-9493-62FB564E63F9}.Debug|x64.Build.0 = Debug|Any CPU
		{6E038250-E8B6-4E8D-9493-62FB564E63F9}.Debug|x86.ActiveCfg = Debug|Any CPU
		{6E038250-E8B6-4E8D-9493-62FB564E63F9}.Debug|x86.Build.0 = Debug|Any CPU
		{6E038250-E8B6-4E8D-9493-62FB564E63F9}.Release|Any CPU.ActiveCfg = Release|Any CPU
		{6E038250-E8B6-4E8D-9493-62FB564E63F9}.Release|Any CPU.Build.0 = Release|Any CPU
		{6E038250-E8B6-4E8D-9493-62FB564E63F9}.Release|x64.ActiveCfg = Release|Any CPU
		{6E038250-E8B6-4E8D-9493-62FB564E63F9}.Release|x64.Build.0 = Release|Any CPU
		{6E038250-E8B6-4E8D-9493-62FB564E63F9}.Release|x86.ActiveCfg = Release|Any CPU
		{6E038250-E8B6-4E8D-9493-62FB564E63F9}.Release|x86.Build.0 = Release|Any CPU
		{291F97AB-0F15-45A4-BCDF-AE0295CE8573}.Debug|Any CPU.ActiveCfg = Debug|Any CPU
		{291F97AB-0F15-45A4-BCDF-AE0295CE8573}.Debug|Any CPU.Build.0 = Debug|Any CPU
		{291F97AB-0F15-45A4-BCDF-AE0295CE8573}.Debug|x64.ActiveCfg = Debug|Any CPU
		{291F97AB-0F15-45A4-BCDF-AE0295CE8573}.Debug|x64.Build.0 = Debug|Any CPU
		{291F97AB-0F15-45A4-BCDF-AE0295CE8573}.Debug|x86.ActiveCfg = Debug|Any CPU
		{291F97AB-0F15-45A4-BCDF-AE0295CE8573}.Debug|x86.Build.0 = Debug|Any CPU
		{291F97AB-0F15-45A4-BCDF-AE0295CE8573}.Release|Any CPU.ActiveCfg = Release|Any CPU
		{291F97AB-0F15-45A4-BCDF-AE0295CE8573}.Release|Any CPU.Build.0 = Release|Any CPU
		{291F97AB-0F15-45A4-BCDF-AE0295CE8573}.Release|x64.ActiveCfg = Release|Any CPU
		{291F97AB-0F15-45A4-BCDF-AE0295CE8573}.Release|x64.Build.0 = Release|Any CPU
		{291F97AB-0F15-45A4-BCDF-AE0295CE8573}.Release|x86.ActiveCfg = Release|Any CPU
		{291F97AB-0F15-45A4-BCDF-AE0295CE8573}.Release|x86.Build.0 = Release|Any CPU
		{2BC9543C-F77A-4197-AF60-EC34CADA500F}.Debug|Any CPU.ActiveCfg = Debug|Any CPU
		{2BC9543C-F77A-4197-AF60-EC34CADA500F}.Debug|Any CPU.Build.0 = Debug|Any CPU
		{2BC9543C-F77A-4197-AF60-EC34CADA500F}.Debug|x64.ActiveCfg = Debug|Any CPU
		{2BC9543C-F77A-4197-AF60-EC34CADA500F}.Debug|x64.Build.0 = Debug|Any CPU
		{2BC9543C-F77A-4197-AF60-EC34CADA500F}.Debug|x86.ActiveCfg = Debug|Any CPU
		{2BC9543C-F77A-4197-AF60-EC34CADA500F}.Debug|x86.Build.0 = Debug|Any CPU
		{2BC9543C-F77A-4197-AF60-EC34CADA500F}.Release|Any CPU.ActiveCfg = Release|Any CPU
		{2BC9543C-F77A-4197-AF60-EC34CADA500F}.Release|Any CPU.Build.0 = Release|Any CPU
		{2BC9543C-F77A-4197-AF60-EC34CADA500F}.Release|x64.ActiveCfg = Release|Any CPU
		{2BC9543C-F77A-4197-AF60-EC34CADA500F}.Release|x64.Build.0 = Release|Any CPU
		{2BC9543C-F77A-4197-AF60-EC34CADA500F}.Release|x86.ActiveCfg = Release|Any CPU
		{2BC9543C-F77A-4197-AF60-EC34CADA500F}.Release|x86.Build.0 = Release|Any CPU
		{9134F440-B6F6-451F-B286-63DB95354E99}.Debug|Any CPU.ActiveCfg = Debug|Any CPU
		{9134F440-B6F6-451F-B286-63DB95354E99}.Debug|Any CPU.Build.0 = Debug|Any CPU
		{9134F440-B6F6-451F-B286-63DB95354E99}.Debug|x64.ActiveCfg = Debug|Any CPU
		{9134F440-B6F6-451F-B286-63DB95354E99}.Debug|x64.Build.0 = Debug|Any CPU
		{9134F440-B6F6-451F-B286-63DB95354E99}.Debug|x86.ActiveCfg = Debug|Any CPU
		{9134F440-B6F6-451F-B286-63DB95354E99}.Debug|x86.Build.0 = Debug|Any CPU
		{9134F440-B6F6-451F-B286-63DB95354E99}.Release|Any CPU.ActiveCfg = Release|Any CPU
		{9134F440-B6F6-451F-B286-63DB95354E99}.Release|Any CPU.Build.0 = Release|Any CPU
		{9134F440-B6F6-451F-B286-63DB95354E99}.Release|x64.ActiveCfg = Release|Any CPU
		{9134F440-B6F6-451F-B286-63DB95354E99}.Release|x64.Build.0 = Release|Any CPU
		{9134F440-B6F6-451F-B286-63DB95354E99}.Release|x86.ActiveCfg = Release|Any CPU
		{9134F440-B6F6-451F-B286-63DB95354E99}.Release|x86.Build.0 = Release|Any CPU
		{06FDF1C0-B407-46D0-BD9A-8B08F7A9B7BE}.Debug|Any CPU.ActiveCfg = Debug|Any CPU
		{06FDF1C0-B407-46D0-BD9A-8B08F7A9B7BE}.Debug|Any CPU.Build.0 = Debug|Any CPU
		{06FDF1C0-B407-46D0-BD9A-8B08F7A9B7BE}.Debug|x64.ActiveCfg = Debug|Any CPU
		{06FDF1C0-B407-46D0-BD9A-8B08F7A9B7BE}.Debug|x64.Build.0 = Debug|Any CPU
		{06FDF1C0-B407-46D0-BD9A-8B08F7A9B7BE}.Debug|x86.ActiveCfg = Debug|Any CPU
		{06FDF1C0-B407-46D0-BD9A-8B08F7A9B7BE}.Debug|x86.Build.0 = Debug|Any CPU
		{06FDF1C0-B407-46D0-BD9A-8B08F7A9B7BE}.Release|Any CPU.ActiveCfg = Release|Any CPU
		{06FDF1C0-B407-46D0-BD9A-8B08F7A9B7BE}.Release|Any CPU.Build.0 = Release|Any CPU
		{06FDF1C0-B407-46D0-BD9A-8B08F7A9B7BE}.Release|x64.ActiveCfg = Release|Any CPU
		{06FDF1C0-B407-46D0-BD9A-8B08F7A9B7BE}.Release|x64.Build.0 = Release|Any CPU
		{06FDF1C0-B407-46D0-BD9A-8B08F7A9B7BE}.Release|x86.ActiveCfg = Release|Any CPU
		{06FDF1C0-B407-46D0-BD9A-8B08F7A9B7BE}.Release|x86.Build.0 = Release|Any CPU
	EndGlobalSection
	GlobalSection(SolutionProperties) = preSolution
		HideSolutionNode = FALSE
	EndGlobalSection
	GlobalSection(NestedProjects) = preSolution
		{8C9A9EC5-9E76-9886-81F6-5BD9EB7CDD81} = {02EA681E-C7D8-13C7-8484-4AC65E1B71E8}
		{79BD94B2-D37A-B054-E27D-3F8197A238B8} = {02EA681E-C7D8-13C7-8484-4AC65E1B71E8}
		{42B1478D-0C91-DE7F-471B-4F5F5E87E5D8} = {79BD94B2-D37A-B054-E27D-3F8197A238B8}
		{C1BEC41B-C5D3-4B19-A60C-66174FF27DE8} = {42B1478D-0C91-DE7F-471B-4F5F5E87E5D8}
		{52874F16-8446-4011-AFB5-7AA730DF429F} = {42B1478D-0C91-DE7F-471B-4F5F5E87E5D8}
		{C6BC1D32-6294-4550-9ACC-43B58E66379F} = {42B1478D-0C91-DE7F-471B-4F5F5E87E5D8}
		{0061DFF3-1AC3-4FCB-84B8-70B337E5A196} = {42B1478D-0C91-DE7F-471B-4F5F5E87E5D8}
		{01DDAED4-17BF-4880-B9DA-AD8967E7D956} = {02EA681E-C7D8-13C7-8484-4AC65E1B71E8}
		{F3214695-8D1E-5C1E-429B-239768778F1F} = {79BD94B2-D37A-B054-E27D-3F8197A238B8}
		{43457D7B-DC13-4C08-999B-D45BAB74E6AD} = {F3214695-8D1E-5C1E-429B-239768778F1F}
		{5FF2381F-8F15-4967-8DFB-3F5F56F13440} = {F3214695-8D1E-5C1E-429B-239768778F1F}
		{CDB61145-8EB1-4992-8B4A-BD8AF8799D1F} = {F3214695-8D1E-5C1E-429B-239768778F1F}
		{1E923F62-6C10-4EE8-882F-A1E2C3A28531} = {F3214695-8D1E-5C1E-429B-239768778F1F}
		{29ABBBBF-BAF9-AD22-3F60-D85BB9194D77} = {79BD94B2-D37A-B054-E27D-3F8197A238B8}
		{A4996600-3C01-49FD-885B-3976E6117860} = {29ABBBBF-BAF9-AD22-3F60-D85BB9194D77}
		{C0BB45B7-2F45-4102-AC06-62AAF88E171A} = {29ABBBBF-BAF9-AD22-3F60-D85BB9194D77}
		{DFBF66F1-EA69-43FC-8DD2-867FCE1C35F0} = {29ABBBBF-BAF9-AD22-3F60-D85BB9194D77}
		{6E038250-E8B6-4E8D-9493-62FB564E63F9} = {29ABBBBF-BAF9-AD22-3F60-D85BB9194D77}
		{832E4B6B-4204-C2DB-1598-19A17C6DE89B} = {79BD94B2-D37A-B054-E27D-3F8197A238B8}
		{291F97AB-0F15-45A4-BCDF-AE0295CE8573} = {832E4B6B-4204-C2DB-1598-19A17C6DE89B}
		{2BC9543C-F77A-4197-AF60-EC34CADA500F} = {832E4B6B-4204-C2DB-1598-19A17C6DE89B}
		{9134F440-B6F6-451F-B286-63DB95354E99} = {832E4B6B-4204-C2DB-1598-19A17C6DE89B}
		{06FDF1C0-B407-46D0-BD9A-8B08F7A9B7BE} = {832E4B6B-4204-C2DB-1598-19A17C6DE89B}
	EndGlobalSection
	GlobalSection(ExtensibilityGlobals) = postSolution
		SolutionGuid = {E34E0EFC-03CD-46B0-B261-22C5C430EC35}
	EndGlobalSection
EndGlobal
